
Microsoft Visual Studio Solution File, Format Version 12.00
# Visual Studio Version 17
VisualStudioVersion = 17.3.32811.315
MinimumVisualStudioVersion = 10.0.40219.1
Project("{8BC9CEB8-8B4A-11D0-8D11-00A0C91BC942}") = "LunarMonitor", "LunarMonitor\LunarMonitor.vcxproj", "{7EE5E78D-B06C-4CD4-99E5-A7BD1CBAC955}"
EndProject
Project("{8BC9CEB8-8B4A-11D0-8D11-00A0C91BC942}") = "LunarMonitorLoader", "LunarMonitorLoader\LunarMonitorLoader.vcxproj", "{6F1CAA37-3152-4D8A-9AA1-FA40C76B0008}"
EndProject
Project("{9A19103F-16F7-4668-BE54-9A1E7A4F7556}") = "LunarHelper", "LunarHelper\LunarHelper.csproj", "{30D70C6E-042D-47BB-8F04-D7688137C32C}"
EndProject
Global
	GlobalSection(SolutionConfigurationPlatforms) = preSolution
		Debug|Any CPU = Debug|Any CPU
		Debug|x64 = Debug|x64
		Debug|x86 = Debug|x86
		Release|Any CPU = Release|Any CPU
		Release|x64 = Release|x64
		Release|x86 = Release|x86
	EndGlobalSection
	GlobalSection(ProjectConfigurationPlatforms) = postSolution
		{7EE5E78D-B06C-4CD4-99E5-A7BD1CBAC955}.Debug|Any CPU.ActiveCfg = Debug|Win32
		{7EE5E78D-B06C-4CD4-99E5-A7BD1CBAC955}.Debug|Any CPU.Build.0 = Debug|Win32
		{7EE5E78D-B06C-4CD4-99E5-A7BD1CBAC955}.Debug|x64.ActiveCfg = Debug|Win32
		{7EE5E78D-B06C-4CD4-99E5-A7BD1CBAC955}.Debug|x64.Build.0 = Debug|Win32
		{7EE5E78D-B06C-4CD4-99E5-A7BD1CBAC955}.Debug|x86.ActiveCfg = Debug|Win32
		{7EE5E78D-B06C-4CD4-99E5-A7BD1CBAC955}.Debug|x86.Build.0 = Debug|Win32
		{7EE5E78D-B06C-4CD4-99E5-A7BD1CBAC955}.Release|Any CPU.ActiveCfg = Release|Win32
		{7EE5E78D-B06C-4CD4-99E5-A7BD1CBAC955}.Release|Any CPU.Build.0 = Release|Win32
		{7EE5E78D-B06C-4CD4-99E5-A7BD1CBAC955}.Release|x64.ActiveCfg = Release|Win32
		{7EE5E78D-B06C-4CD4-99E5-A7BD1CBAC955}.Release|x64.Build.0 = Release|Win32
		{7EE5E78D-B06C-4CD4-99E5-A7BD1CBAC955}.Release|x86.ActiveCfg = Release|Win32
		{7EE5E78D-B06C-4CD4-99E5-A7BD1CBAC955}.Release|x86.Build.0 = Release|Win32
		{6F1CAA37-3152-4D8A-9AA1-FA40C76B0008}.Debug|Any CPU.ActiveCfg = Debug|Win32
		{6F1CAA37-3152-4D8A-9AA1-FA40C76B0008}.Debug|Any CPU.Build.0 = Debug|Win32
		{6F1CAA37-3152-4D8A-9AA1-FA40C76B0008}.Debug|x64.ActiveCfg = Debug|Win32
		{6F1CAA37-3152-4D8A-9AA1-FA40C76B0008}.Debug|x86.ActiveCfg = Debug|Win32
		{6F1CAA37-3152-4D8A-9AA1-FA40C76B0008}.Debug|x86.Build.0 = Debug|Win32
		{6F1CAA37-3152-4D8A-9AA1-FA40C76B0008}.Release|Any CPU.ActiveCfg = Release|Win32
		{6F1CAA37-3152-4D8A-9AA1-FA40C76B0008}.Release|Any CPU.Build.0 = Release|Win32
		{6F1CAA37-3152-4D8A-9AA1-FA40C76B0008}.Release|x64.ActiveCfg = Release|x64
		{6F1CAA37-3152-4D8A-9AA1-FA40C76B0008}.Release|x64.Build.0 = Release|x64
		{6F1CAA37-3152-4D8A-9AA1-FA40C76B0008}.Release|x86.ActiveCfg = Release|Win32
		{6F1CAA37-3152-4D8A-9AA1-FA40C76B0008}.Release|x86.Build.0 = Release|Win32
		{30D70C6E-042D-47BB-8F04-D7688137C32C}.Debug|Any CPU.ActiveCfg = Debug|Any CPU
		{30D70C6E-042D-47BB-8F04-D7688137C32C}.Debug|Any CPU.Build.0 = Debug|Any CPU
		{30D70C6E-042D-47BB-8F04-D7688137C32C}.Debug|x64.ActiveCfg = Debug|Any CPU
		{30D70C6E-042D-47BB-8F04-D7688137C32C}.Debug|x64.Build.0 = Debug|Any CPU
		{30D70C6E-042D-47BB-8F04-D7688137C32C}.Debug|x86.ActiveCfg = Debug|Any CPU
		{30D70C6E-042D-47BB-8F04-D7688137C32C}.Debug|x86.Build.0 = Debug|Any CPU
		{30D70C6E-042D-47BB-8F04-D7688137C32C}.Release|Any CPU.ActiveCfg = Release|Any CPU
		{30D70C6E-042D-47BB-8F04-D7688137C32C}.Release|Any CPU.Build.0 = Release|Any CPU
		{30D70C6E-042D-47BB-8F04-D7688137C32C}.Release|x64.ActiveCfg = Release|Any CPU
		{30D70C6E-042D-47BB-8F04-D7688137C32C}.Release|x64.Build.0 = Release|Any CPU
		{30D70C6E-042D-47BB-8F04-D7688137C32C}.Release|x86.ActiveCfg = Release|Any CPU
		{30D70C6E-042D-47BB-8F04-D7688137C32C}.Release|x86.Build.0 = Release|Any CPU
	EndGlobalSection
	GlobalSection(SolutionProperties) = preSolution
		HideSolutionNode = FALSE
	EndGlobalSection
	GlobalSection(ExtensibilityGlobals) = postSolution
		SolutionGuid = {FC7118C4-3B3C-419A-ABA7-BD5D0BCD4355}
	EndGlobalSection
EndGlobal
